
Microsoft Visual Studio Solution File, Format Version 12.00
# Visual Studio Version 16
VisualStudioVersion = 16.0.30204.135
MinimumVisualStudioVersion = 10.0.40219.1
Project("{2150E333-8FDC-42A3-9474-1A3956D46DE8}") = "Build", "Build", "{F7FB50ED-EAFF-4839-935A-5BB4A4158245}"
	ProjectSection(SolutionItems) = preProject
		..\build\build.bat = ..\build\build.bat
		..\build\build.proj = ..\build\build.proj
		..\build\build.tasks = ..\build\build.tasks
		..\build\copy.bat = ..\build\copy.bat
		..\NuGet\NServiceKit.text.nuspec = ..\NuGet\NServiceKit.text.nuspec
		..\build\NuGetPack.cmd = ..\build\NuGetPack.cmd
	EndProjectSection
EndProject
Project("{2150E333-8FDC-42A3-9474-1A3956D46DE8}") = ".nuget", ".nuget", "{EEDB2902-813A-4277-837B-74F1E67E9759}"
	ProjectSection(SolutionItems) = preProject
		.nuget\NuGet.Config = .nuget\NuGet.Config
		.nuget\NuGet.exe = .nuget\NuGet.exe
		.nuget\NuGet.targets = .nuget\NuGet.targets
	EndProjectSection
EndProject
Project("{FAE04EC0-301F-11D3-BF4B-00C04F79EFBC}") = "NServiceKit.Text", "NServiceKit.Text\NServiceKit.Text.csproj", "{B58703FB-5660-46D4-8978-1D0A6A3F0111}"
EndProject
Global
	GlobalSection(SolutionConfigurationPlatforms) = preSolution
		Debug|Any CPU = Debug|Any CPU
		Debug|ARM = Debug|ARM
		Debug|Mixed Platforms = Debug|Mixed Platforms
		Debug|x64 = Debug|x64
		Debug|x86 = Debug|x86
		Debug|Xbox 360 = Debug|Xbox 360
		MonoTouch|Any CPU = MonoTouch|Any CPU
		MonoTouch|ARM = MonoTouch|ARM
		MonoTouch|Mixed Platforms = MonoTouch|Mixed Platforms
		MonoTouch|x64 = MonoTouch|x64
		MonoTouch|x86 = MonoTouch|x86
		MonoTouch|Xbox 360 = MonoTouch|Xbox 360
		Release|Any CPU = Release|Any CPU
		Release|ARM = Release|ARM
		Release|Mixed Platforms = Release|Mixed Platforms
		Release|x64 = Release|x64
		Release|x86 = Release|x86
		Release|Xbox 360 = Release|Xbox 360
	EndGlobalSection
	GlobalSection(ProjectConfigurationPlatforms) = postSolution
		{B58703FB-5660-46D4-8978-1D0A6A3F0111}.Debug|Any CPU.ActiveCfg = Debug|Any CPU
		{B58703FB-5660-46D4-8978-1D0A6A3F0111}.Debug|Any CPU.Build.0 = Debug|Any CPU
		{B58703FB-5660-46D4-8978-1D0A6A3F0111}.Debug|ARM.ActiveCfg = Debug|Any CPU
		{B58703FB-5660-46D4-8978-1D0A6A3F0111}.Debug|ARM.Build.0 = Debug|Any CPU
		{B58703FB-5660-46D4-8978-1D0A6A3F0111}.Debug|Mixed Platforms.ActiveCfg = Debug|Any CPU
		{B58703FB-5660-46D4-8978-1D0A6A3F0111}.Debug|Mixed Platforms.Build.0 = Debug|Any CPU
		{B58703FB-5660-46D4-8978-1D0A6A3F0111}.Debug|x64.ActiveCfg = Debug|Any CPU
		{B58703FB-5660-46D4-8978-1D0A6A3F0111}.Debug|x64.Build.0 = Debug|Any CPU
		{B58703FB-5660-46D4-8978-1D0A6A3F0111}.Debug|x86.ActiveCfg = Debug|Any CPU
		{B58703FB-5660-46D4-8978-1D0A6A3F0111}.Debug|x86.Build.0 = Debug|Any CPU
		{B58703FB-5660-46D4-8978-1D0A6A3F0111}.Debug|Xbox 360.ActiveCfg = Debug|Any CPU
		{B58703FB-5660-46D4-8978-1D0A6A3F0111}.Debug|Xbox 360.Build.0 = Debug|Any CPU
		{B58703FB-5660-46D4-8978-1D0A6A3F0111}.MonoTouch|Any CPU.ActiveCfg = Debug|Any CPU
		{B58703FB-5660-46D4-8978-1D0A6A3F0111}.MonoTouch|Any CPU.Build.0 = Debug|Any CPU
		{B58703FB-5660-46D4-8978-1D0A6A3F0111}.MonoTouch|ARM.ActiveCfg = Debug|Any CPU
		{B58703FB-5660-46D4-8978-1D0A6A3F0111}.MonoTouch|ARM.Build.0 = Debug|Any CPU
		{B58703FB-5660-46D4-8978-1D0A6A3F0111}.MonoTouch|Mixed Platforms.ActiveCfg = Debug|Any CPU
		{B58703FB-5660-46D4-8978-1D0A6A3F0111}.MonoTouch|Mixed Platforms.Build.0 = Debug|Any CPU
		{B58703FB-5660-46D4-8978-1D0A6A3F0111}.MonoTouch|x64.ActiveCfg = Debug|Any CPU
		{B58703FB-5660-46D4-8978-1D0A6A3F0111}.MonoTouch|x64.Build.0 = Debug|Any CPU
		{B58703FB-5660-46D4-8978-1D0A6A3F0111}.MonoTouch|x86.ActiveCfg = Debug|Any CPU
		{B58703FB-5660-46D4-8978-1D0A6A3F0111}.MonoTouch|x86.Build.0 = Debug|Any CPU
		{B58703FB-5660-46D4-8978-1D0A6A3F0111}.MonoTouch|Xbox 360.ActiveCfg = Debug|Any CPU
		{B58703FB-5660-46D4-8978-1D0A6A3F0111}.MonoTouch|Xbox 360.Build.0 = Debug|Any CPU
		{B58703FB-5660-46D4-8978-1D0A6A3F0111}.Release|Any CPU.ActiveCfg = Release|Any CPU
		{B58703FB-5660-46D4-8978-1D0A6A3F0111}.Release|Any CPU.Build.0 = Release|Any CPU
		{B58703FB-5660-46D4-8978-1D0A6A3F0111}.Release|ARM.ActiveCfg = Release|Any CPU
		{B58703FB-5660-46D4-8978-1D0A6A3F0111}.Release|ARM.Build.0 = Release|Any CPU
		{B58703FB-5660-46D4-8978-1D0A6A3F0111}.Release|Mixed Platforms.ActiveCfg = Release|Any CPU
		{B58703FB-5660-46D4-8978-1D0A6A3F0111}.Release|Mixed Platforms.Build.0 = Release|Any CPU
		{B58703FB-5660-46D4-8978-1D0A6A3F0111}.Release|x64.ActiveCfg = Release|Any CPU
		{B58703FB-5660-46D4-8978-1D0A6A3F0111}.Release|x64.Build.0 = Release|Any CPU
		{B58703FB-5660-46D4-8978-1D0A6A3F0111}.Release|x86.ActiveCfg = Release|Any CPU
		{B58703FB-5660-46D4-8978-1D0A6A3F0111}.Release|x86.Build.0 = Release|Any CPU
		{B58703FB-5660-46D4-8978-1D0A6A3F0111}.Release|Xbox 360.ActiveCfg = Release|Any CPU
		{B58703FB-5660-46D4-8978-1D0A6A3F0111}.Release|Xbox 360.Build.0 = Release|Any CPU
	EndGlobalSection
	GlobalSection(SolutionProperties) = preSolution
		HideSolutionNode = FALSE
	EndGlobalSection
	GlobalSection(ExtensibilityGlobals) = postSolution
		SolutionGuid = {F38333FE-33FF-4481-8CEC-3090EB14FE6D}
	EndGlobalSection
	GlobalSection(MonoDevelopProperties) = preSolution
		StartupItem = NServiceKit.Text\NServiceKit.Text.csproj
		Policies = $0
		$0.DotNetNamingPolicy = $1
		$1.DirectoryNamespaceAssociation = None
		$1.ResourceNamePolicy = FileFormatDefault
		$0.StandardHeader = $2
		$2.Text = 
		$2.IncludeInNewFiles = True
	EndGlobalSection
EndGlobal
